{
  "name": "heterarchy-books",
  "version": "1.0.0",
  "lockfileVersion": 3,
  "requires": true,
  "packages": {
    "": {
      "name": "heterarchy-books",
      "version": "1.0.0",
      "license": "MIT",
      "dependencies": {
        "@heterarchy/atlas": "file:../atlas"
      }
    },
    "../atlas": {
      "name": "@heterarchy/atlas",
      "version": "1.0.0",
      "license": "MIT",
      "dependencies": {
        "ajv": "^8.17.1",
        "ajv-formats": "^3.0.1",
        "gray-matter": "^4.0.3",
        "js-yaml": "^4.1.0",
        "smol-toml": "^1.6.1"
      },
      "bin": {
        "atlas": "bin/atlas.js"
      }
    },
    "node_modules/@heterarchy/atlas": {
      "resolved": "../atlas",
      "link": true
    }
  }
}
